
Microsoft Visual Studio Solution File, Format Version 12.00
# Visual Studio Version 17
VisualStudioVersion = 17.4.33213.308
MinimumVisualStudioVersion = 10.0.40219.1
Project("{9A19103F-16F7-4668-BE54-9A1E7A4F7556}") = "task_1", "task_1\task_1.csproj", "{1E2EF0A4-BDAD-4478-8686-5BB66140713B}"
EndProject
Project("{9A19103F-16F7-4668-BE54-9A1E7A4F7556}") = "task_2", "task_2\task_2.csproj", "{0DA6CF3E-7C29-4AC5-89A5-6E2AED37A52B}"
EndProject
Project("{FAE04EC0-301F-11D3-BF4B-00C04F79EFBC}") = "task_3", "task_3\task_3.csproj", "{B3037D31-8EF8-48AD-9F1A-FDAC5E7C8429}"
EndProject
Project("{FAE04EC0-301F-11D3-BF4B-00C04F79EFBC}") = "task_4", "task_4\task_4.csproj", "{96D30FF9-2CAE-47C9-BF49-348E0474A055}"
EndProject
Global
	GlobalSection(SolutionConfigurationPlatforms) = preSolution
		Debug|Any CPU = Debug|Any CPU
		Release|Any CPU = Release|Any CPU
	EndGlobalSection
	GlobalSection(ProjectConfigurationPlatforms) = postSolution
		{1E2EF0A4-BDAD-4478-8686-5BB66140713B}.Debug|Any CPU.ActiveCfg = Debug|Any CPU
		{1E2EF0A4-BDAD-4478-8686-5BB66140713B}.Debug|Any CPU.Build.0 = Debug|Any CPU
		{1E2EF0A4-BDAD-4478-8686-5BB66140713B}.Release|Any CPU.ActiveCfg = Release|Any CPU
		{1E2EF0A4-BDAD-4478-8686-5BB66140713B}.Release|Any CPU.Build.0 = Release|Any CPU
		{0DA6CF3E-7C29-4AC5-89A5-6E2AED37A52B}.Debug|Any CPU.ActiveCfg = Debug|Any CPU
		{0DA6CF3E-7C29-4AC5-89A5-6E2AED37A52B}.Debug|Any CPU.Build.0 = Debug|Any CPU
		{0DA6CF3E-7C29-4AC5-89A5-6E2AED37A52B}.Release|Any CPU.ActiveCfg = Release|Any CPU
		{0DA6CF3E-7C29-4AC5-89A5-6E2AED37A52B}.Release|Any CPU.Build.0 = Release|Any CPU
		{B3037D31-8EF8-48AD-9F1A-FDAC5E7C8429}.Debug|Any CPU.ActiveCfg = Debug|Any CPU
		{B3037D31-8EF8-48AD-9F1A-FDAC5E7C8429}.Debug|Any CPU.Build.0 = Debug|Any CPU
		{B3037D31-8EF8-48AD-9F1A-FDAC5E7C8429}.Release|Any CPU.ActiveCfg = Release|Any CPU
		{B3037D31-8EF8-48AD-9F1A-FDAC5E7C8429}.Release|Any CPU.Build.0 = Release|Any CPU
		{96D30FF9-2CAE-47C9-BF49-348E0474A055}.Debug|Any CPU.ActiveCfg = Debug|Any CPU
		{96D30FF9-2CAE-47C9-BF49-348E0474A055}.Debug|Any CPU.Build.0 = Debug|Any CPU
		{96D30FF9-2CAE-47C9-BF49-348E0474A055}.Release|Any CPU.ActiveCfg = Release|Any CPU
		{96D30FF9-2CAE-47C9-BF49-348E0474A055}.Release|Any CPU.Build.0 = Release|Any CPU
	EndGlobalSection
	GlobalSection(SolutionProperties) = preSolution
		HideSolutionNode = FALSE
	EndGlobalSection
	GlobalSection(ExtensibilityGlobals) = postSolution
		SolutionGuid = {D0A88B8A-7D24-4277-BB07-9EE480AD38ED}
	EndGlobalSection
EndGlobal
